
Microsoft Visual Studio Solution File, Format Version 12.00
# Visual Studio 2012
Project("{FAE04EC0-301F-11D3-BF4B-00C04F79EFBC}") = "Mictco_Box", "Mictco_Box\Mictco_Box.csproj", "{11486F54-5F7B-4863-88D7-6C9FDB4E32D3}"
EndProject
Project("{FAE04EC0-301F-11D3-BF4B-00C04F79EFBC}") = "MictcoUsercontrol", "MictcoUsercontrol\MictcoUsercontrol.csproj", "{EF9AAA03-49CE-4270-927B-093696163B95}"
EndProject
Global
	GlobalSection(SolutionConfigurationPlatforms) = preSolution
		Debug|Any CPU = Debug|Any CPU
		Release|Any CPU = Release|Any CPU
	EndGlobalSection
	GlobalSection(ProjectConfigurationPlatforms) = postSolution
		{11486F54-5F7B-4863-88D7-6C9FDB4E32D3}.Debug|Any CPU.ActiveCfg = Debug|Any CPU
		{11486F54-5F7B-4863-88D7-6C9FDB4E32D3}.Debug|Any CPU.Build.0 = Debug|Any CPU
		{11486F54-5F7B-4863-88D7-6C9FDB4E32D3}.Release|Any CPU.ActiveCfg = Release|Any CPU
		{11486F54-5F7B-4863-88D7-6C9FDB4E32D3}.Release|Any CPU.Build.0 = Release|Any CPU
		{EF9AAA03-49CE-4270-927B-093696163B95}.Debug|Any CPU.ActiveCfg = Debug|Any CPU
		{EF9AAA03-49CE-4270-927B-093696163B95}.Debug|Any CPU.Build.0 = Debug|Any CPU
		{EF9AAA03-49CE-4270-927B-093696163B95}.Release|Any CPU.ActiveCfg = Release|Any CPU
		{EF9AAA03-49CE-4270-927B-093696163B95}.Release|Any CPU.Build.0 = Release|Any CPU
	EndGlobalSection
	GlobalSection(SolutionProperties) = preSolution
		HideSolutionNode = FALSE
	EndGlobalSection
	GlobalSection(ExtensibilityGlobals) = postSolution
		SolutionGuid = {B8CE2AED-E824-43C0-B0DD-AB25D68F1C78}
	EndGlobalSection
EndGlobal
